
Microsoft Visual Studio Solution File, Format Version 12.00
# Visual Studio Version 16
VisualStudioVersion = 16.0.29519.181
MinimumVisualStudioVersion = 10.0.40219.1
Project("{FAE04EC0-301F-11D3-BF4B-00C04F79EFBC}") = "EncryptionExample", "EncryptionExample\EncryptionExample.csproj", "{4BD9E069-DFA4-4A1B-8895-9BE7454B5CC1}"
EndProject
Global
	GlobalSection(SolutionConfigurationPlatforms) = preSolution
		Debug|Any CPU = Debug|Any CPU
		Release|Any CPU = Release|Any CPU
	EndGlobalSection
	GlobalSection(ProjectConfigurationPlatforms) = postSolution
		{4BD9E069-DFA4-4A1B-8895-9BE7454B5CC1}.Debug|Any CPU.ActiveCfg = Debug|Any CPU
		{4BD9E069-DFA4-4A1B-8895-9BE7454B5CC1}.Debug|Any CPU.Build.0 = Debug|Any CPU
		{4BD9E069-DFA4-4A1B-8895-9BE7454B5CC1}.Release|Any CPU.ActiveCfg = Release|Any CPU
		{4BD9E069-DFA4-4A1B-8895-9BE7454B5CC1}.Release|Any CPU.Build.0 = Release|Any CPU
	EndGlobalSection
	GlobalSection(SolutionProperties) = preSolution
		HideSolutionNode = FALSE
	EndGlobalSection
	GlobalSection(ExtensibilityGlobals) = postSolution
		SolutionGuid = {EA2290DA-CB21-40EB-A484-2A8BAA2EB85A}
	EndGlobalSection
EndGlobal
